// !$*UTF8*$!
{
	archiveVersion = 1;
	classes = {
	};
	objectVersion = 46;
	objects = {

/* Begin PBXBuildFile section */
		07E92A3313D2619F0088CA81 /* UIKit.framework in Frameworks */ = {isa = PBXBuildFile; fileRef = 07E92A3213D2619F0088CA81 /* UIKit.framework */; };
		07E92A3513D2619F0088CA81 /* Foundation.framework in Frameworks */ = {isa = PBXBuildFile; fileRef = 07E92A3413D2619F0088CA81 /* Foundation.framework */; };
		07E92A3713D2619F0088CA81 /* CoreGraphics.framework in Frameworks */ = {isa = PBXBuildFile; fileRef = 07E92A3613D2619F0088CA81 /* CoreGraphics.framework */; };
		07E92A3913D2619F0088CA81 /* CoreData.framework in Frameworks */ = {isa = PBXBuildFile; fileRef = 07E92A3813D2619F0088CA81 /* CoreData.framework */; };
		07E92A3F13D2619F0088CA81 /* InfoPlist.strings in Resources */ = {isa = PBXBuildFile; fileRef = 07E92A3D13D2619F0088CA81 /* InfoPlist.strings */; };
		07E92A4113D2619F0088CA81 /* main.m in Sources */ = {isa = PBXBuildFile; fileRef = 07E92A4013D2619F0088CA81 /* main.m */; };
		07E92A4513D2619F0088CA81 /* EventifyAppDelegate.m in Sources */ = {isa = PBXBuildFile; fileRef = 07E92A4413D2619F0088CA81 /* EventifyAppDelegate.m */; };
		07E92A4813D2619F0088CA81 /* Eventify.xcdatamodeld in Sources */ = {isa = PBXBuildFile; fileRef = 07E92A4613D2619F0088CA81 /* Eventify.xcdatamodeld */; };
		07E92A4B13D2619F0088CA81 /* MainWindow.xib in Resources */ = {isa = PBXBuildFile; fileRef = 07E92A4913D2619F0088CA81 /* MainWindow.xib */; };
		07E92A4E13D2619F0088CA81 /* RootViewController.m in Sources */ = {isa = PBXBuildFile; fileRef = 07E92A4D13D2619F0088CA81 /* RootViewController.m */; };
		07E92A5113D2619F0088CA81 /* RootViewController.xib in Resources */ = {isa = PBXBuildFile; fileRef = 07E92A4F13D2619F0088CA81 /* RootViewController.xib */; };
		07E92A5913D2619F0088CA81 /* SenTestingKit.framework in Frameworks */ = {isa = PBXBuildFile; fileRef = 07E92A5813D2619F0088CA81 /* SenTestingKit.framework */; };
		07E92A5A13D2619F0088CA81 /* UIKit.framework in Frameworks */ = {isa = PBXBuildFile; fileRef = 07E92A3213D2619F0088CA81 /* UIKit.framework */; };
		07E92A5B13D2619F0088CA81 /* Foundation.framework in Frameworks */ = {isa = PBXBuildFile; fileRef = 07E92A3413D2619F0088CA81 /* Foundation.framework */; };
		07E92A5C13D2619F0088CA81 /* CoreGraphics.framework in Frameworks */ = {isa = PBXBuildFile; fileRef = 07E92A3613D2619F0088CA81 /* CoreGraphics.framework */; };
		07E92A5D13D2619F0088CA81 /* CoreData.framework in Frameworks */ = {isa = PBXBuildFile; fileRef = 07E92A3813D2619F0088CA81 /* CoreData.framework */; };
		07E92A6513D2619F0088CA81 /* InfoPlist.strings in Resources */ = {isa = PBXBuildFile; fileRef = 07E92A6313D2619F0088CA81 /* InfoPlist.strings */; };
		07E92A6713D2619F0088CA81 /* EventifyTests.h in Resources */ = {isa = PBXBuildFile; fileRef = 07E92A6613D2619F0088CA81 /* EventifyTests.h */; };
		07E92A6913D2619F0088CA81 /* EventifyTests.m in Sources */ = {isa = PBXBuildFile; fileRef = 07E92A6813D2619F0088CA81 /* EventifyTests.m */; };
		07E92A8013D2654A0088CA81 /* EventListViewController.xib in Resources */ = {isa = PBXBuildFile; fileRef = 07E92A7E13D2654A0088CA81 /* EventListViewController.xib */; };
		07E92A8513D2656E0088CA81 /* EventViewController.m in Sources */ = {isa = PBXBuildFile; fileRef = 07E92A8313D2656E0088CA81 /* EventViewController.m */; };
		07E92A8613D2656E0088CA81 /* EventViewController.xib in Resources */ = {isa = PBXBuildFile; fileRef = 07E92A8413D2656E0088CA81 /* EventViewController.xib */; };
		07E92A8A13D265AF0088CA81 /* SearchViewController.m in Sources */ = {isa = PBXBuildFile; fileRef = 07E92A8813D265AF0088CA81 /* SearchViewController.m */; };
		07E92A8B13D265AF0088CA81 /* SearchViewController.xib in Resources */ = {isa = PBXBuildFile; fileRef = 07E92A8913D265AF0088CA81 /* SearchViewController.xib */; };
		08AEF4EC13D277EF00656864 /* EventNewViewController.xib in Resources */ = {isa = PBXBuildFile; fileRef = 08AEF4EB13D277EF00656864 /* EventNewViewController.xib */; };
		08AEF4F013D2780000656864 /* EventNewViewController.m in Sources */ = {isa = PBXBuildFile; fileRef = 08AEF4EE13D2780000656864 /* EventNewViewController.m */; };
		08AEF4F113D2780000656864 /* EventNewViewController.h in Sources */ = {isa = PBXBuildFile; fileRef = 08AEF4EF13D2780000656864 /* EventNewViewController.h */; };
		08AEF51113D27B8700656864 /* ASIWebPageRequest.h in Sources */ = {isa = PBXBuildFile; fileRef = 08AEF4FB13D27B8700656864 /* ASIWebPageRequest.h */; };
		08AEF51213D27B8700656864 /* ASIWebPageRequest.m in Sources */ = {isa = PBXBuildFile; fileRef = 08AEF4FC13D27B8700656864 /* ASIWebPageRequest.m */; };
		08AEF51313D27B8700656864 /* ASIProgressDelegate.h in Sources */ = {isa = PBXBuildFile; fileRef = 08AEF4FD13D27B8700656864 /* ASIProgressDelegate.h */; };
		08AEF51413D27B8700656864 /* ASINetworkQueue.m in Sources */ = {isa = PBXBuildFile; fileRef = 08AEF4FE13D27B8700656864 /* ASINetworkQueue.m */; };
		08AEF51513D27B8700656864 /* ASINetworkQueue.h in Sources */ = {isa = PBXBuildFile; fileRef = 08AEF4FF13D27B8700656864 /* ASINetworkQueue.h */; };
		08AEF51613D27B8700656864 /* ASIInputStream.m in Sources */ = {isa = PBXBuildFile; fileRef = 08AEF50013D27B8700656864 /* ASIInputStream.m */; };
		08AEF51713D27B8700656864 /* ASIInputStream.h in Sources */ = {isa = PBXBuildFile; fileRef = 08AEF50113D27B8700656864 /* ASIInputStream.h */; };
		08AEF51813D27B8700656864 /* ASIHTTPRequestDelegate.h in Sources */ = {isa = PBXBuildFile; fileRef = 08AEF50213D27B8700656864 /* ASIHTTPRequestDelegate.h */; };
		08AEF51913D27B8700656864 /* ASIHTTPRequestConfig.h in Sources */ = {isa = PBXBuildFile; fileRef = 08AEF50313D27B8700656864 /* ASIHTTPRequestConfig.h */; };
		08AEF51A13D27B8700656864 /* ASIHTTPRequest.m in Sources */ = {isa = PBXBuildFile; fileRef = 08AEF50413D27B8700656864 /* ASIHTTPRequest.m */; };
		08AEF51B13D27B8700656864 /* ASIHTTPRequest.h in Sources */ = {isa = PBXBuildFile; fileRef = 08AEF50513D27B8700656864 /* ASIHTTPRequest.h */; };
		08AEF51C13D27B8700656864 /* ASIFormDataRequest.m in Sources */ = {isa = PBXBuildFile; fileRef = 08AEF50613D27B8700656864 /* ASIFormDataRequest.m */; };
		08AEF51D13D27B8700656864 /* ASIFormDataRequest.h in Sources */ = {isa = PBXBuildFile; fileRef = 08AEF50713D27B8700656864 /* ASIFormDataRequest.h */; };
		08AEF51E13D27B8700656864 /* ASIDownloadCache.m in Sources */ = {isa = PBXBuildFile; fileRef = 08AEF50813D27B8700656864 /* ASIDownloadCache.m */; };
		08AEF51F13D27B8700656864 /* ASIDownloadCache.h in Sources */ = {isa = PBXBuildFile; fileRef = 08AEF50913D27B8700656864 /* ASIDownloadCache.h */; };
		08AEF52013D27B8700656864 /* ASIDataDecompressor.m in Sources */ = {isa = PBXBuildFile; fileRef = 08AEF50A13D27B8700656864 /* ASIDataDecompressor.m */; };
		08AEF52113D27B8700656864 /* ASIDataDecompressor.h in Sources */ = {isa = PBXBuildFile; fileRef = 08AEF50B13D27B8700656864 /* ASIDataDecompressor.h */; };
		08AEF52213D27B8700656864 /* ASIDataCompressor.m in Sources */ = {isa = PBXBuildFile; fileRef = 08AEF50C13D27B8700656864 /* ASIDataCompressor.m */; };
		08AEF52313D27B8700656864 /* ASIDataCompressor.h in Sources */ = {isa = PBXBuildFile; fileRef = 08AEF50D13D27B8700656864 /* ASIDataCompressor.h */; };
		08AEF52413D27B8700656864 /* ASICacheDelegate.h in Sources */ = {isa = PBXBuildFile; fileRef = 08AEF50E13D27B8700656864 /* ASICacheDelegate.h */; };
		08AEF52513D27B8700656864 /* ASIAuthenticationDialog.m in Sources */ = {isa = PBXBuildFile; fileRef = 08AEF50F13D27B8700656864 /* ASIAuthenticationDialog.m */; };
		08AEF52613D27B8700656864 /* ASIAuthenticationDialog.h in Sources */ = {isa = PBXBuildFile; fileRef = 08AEF51013D27B8700656864 /* ASIAuthenticationDialog.h */; };
		08AEF52B13D27BAE00656864 /* Reachability.h in Sources */ = {isa = PBXBuildFile; fileRef = 08AEF52913D27BAE00656864 /* Reachability.h */; };
		08AEF52C13D27BAE00656864 /* Reachability.m in Sources */ = {isa = PBXBuildFile; fileRef = 08AEF52A13D27BAE00656864 /* Reachability.m */; };
		08AEF52E13D27BE300656864 /* libxml2.2.7.3.dylib in Frameworks */ = {isa = PBXBuildFile; fileRef = 08AEF52D13D27BE300656864 /* libxml2.2.7.3.dylib */; };
		08AEF53013D27BEB00656864 /* libz.1.2.3.dylib in Frameworks */ = {isa = PBXBuildFile; fileRef = 08AEF52F13D27BEB00656864 /* libz.1.2.3.dylib */; };
		08AEF53213D27C0300656864 /* CFNetwork.framework in Frameworks */ = {isa = PBXBuildFile; fileRef = 08AEF53113D27C0300656864 /* CFNetwork.framework */; };
		08AEF53413D27C0B00656864 /* SystemConfiguration.framework in Frameworks */ = {isa = PBXBuildFile; fileRef = 08AEF53313D27C0A00656864 /* SystemConfiguration.framework */; };
		08AEF53613D27C1300656864 /* MobileCoreServices.framework in Frameworks */ = {isa = PBXBuildFile; fileRef = 08AEF53513D27C1200656864 /* MobileCoreServices.framework */; };
/* End PBXBuildFile section */

/* Begin PBXContainerItemProxy section */
		07E92A5E13D2619F0088CA81 /* PBXContainerItemProxy */ = {
			isa = PBXContainerItemProxy;
			containerPortal = 07E92A2513D2619E0088CA81 /* Project object */;
			proxyType = 1;
			remoteGlobalIDString = 07E92A2D13D2619F0088CA81;
			remoteInfo = Eventify;
		};
/* End PBXContainerItemProxy section */

/* Begin PBXFileReference section */
		07E92A2E13D2619F0088CA81 /* Eventify.app */ = {isa = PBXFileReference; explicitFileType = wrapper.application; includeInIndex = 0; path = Eventify.app; sourceTree = BUILT_PRODUCTS_DIR; };
		07E92A3213D2619F0088CA81 /* UIKit.framework */ = {isa = PBXFileReference; lastKnownFileType = wrapper.framework; name = UIKit.framework; path = System/Library/Frameworks/UIKit.framework; sourceTree = SDKROOT; };
		07E92A3413D2619F0088CA81 /* Foundation.framework */ = {isa = PBXFileReference; lastKnownFileType = wrapper.framework; name = Foundation.framework; path = System/Library/Frameworks/Foundation.framework; sourceTree = SDKROOT; };
		07E92A3613D2619F0088CA81 /* CoreGraphics.framework */ = {isa = PBXFileReference; lastKnownFileType = wrapper.framework; name = CoreGraphics.framework; path = System/Library/Frameworks/CoreGraphics.framework; sourceTree = SDKROOT; };
		07E92A3813D2619F0088CA81 /* CoreData.framework */ = {isa = PBXFileReference; lastKnownFileType = wrapper.framework; name = CoreData.framework; path = System/Library/Frameworks/CoreData.framework; sourceTree = SDKROOT; };
		07E92A3C13D2619F0088CA81 /* Eventify-Info.plist */ = {isa = PBXFileReference; lastKnownFileType = text.plist.xml; path = "Eventify-Info.plist"; sourceTree = "<group>"; };
		07E92A3E13D2619F0088CA81 /* en */ = {isa = PBXFileReference; lastKnownFileType = text.plist.strings; name = en; path = en.lproj/InfoPlist.strings; sourceTree = "<group>"; };
		07E92A4013D2619F0088CA81 /* main.m */ = {isa = PBXFileReference; lastKnownFileType = sourcecode.c.objc; path = main.m; sourceTree = "<group>"; };
		07E92A4213D2619F0088CA81 /* Eventify-Prefix.pch */ = {isa = PBXFileReference; lastKnownFileType = sourcecode.c.h; path = "Eventify-Prefix.pch"; sourceTree = "<group>"; };
		07E92A4313D2619F0088CA81 /* EventifyAppDelegate.h */ = {isa = PBXFileReference; lastKnownFileType = sourcecode.c.h; path = EventifyAppDelegate.h; sourceTree = "<group>"; };
		07E92A4413D2619F0088CA81 /* EventifyAppDelegate.m */ = {isa = PBXFileReference; lastKnownFileType = sourcecode.c.objc; path = EventifyAppDelegate.m; sourceTree = "<group>"; };
		07E92A4713D2619F0088CA81 /* Eventify.xcdatamodel */ = {isa = PBXFileReference; lastKnownFileType = wrapper.xcdatamodel; path = Eventify.xcdatamodel; sourceTree = "<group>"; };
		07E92A4A13D2619F0088CA81 /* en */ = {isa = PBXFileReference; lastKnownFileType = file.xib; name = en; path = en.lproj/MainWindow.xib; sourceTree = "<group>"; };
		07E92A4C13D2619F0088CA81 /* RootViewController.h */ = {isa = PBXFileReference; lastKnownFileType = sourcecode.c.h; path = RootViewController.h; sourceTree = "<group>"; };
		07E92A4D13D2619F0088CA81 /* RootViewController.m */ = {isa = PBXFileReference; lastKnownFileType = sourcecode.c.objc; path = RootViewController.m; sourceTree = "<group>"; };
		07E92A5013D2619F0088CA81 /* en */ = {isa = PBXFileReference; lastKnownFileType = file.xib; name = en; path = en.lproj/RootViewController.xib; sourceTree = "<group>"; };
		07E92A5713D2619F0088CA81 /* EventifyTests.octest */ = {isa = PBXFileReference; explicitFileType = wrapper.cfbundle; includeInIndex = 0; path = EventifyTests.octest; sourceTree = BUILT_PRODUCTS_DIR; };
		07E92A5813D2619F0088CA81 /* SenTestingKit.framework */ = {isa = PBXFileReference; lastKnownFileType = wrapper.framework; name = SenTestingKit.framework; path = Library/Frameworks/SenTestingKit.framework; sourceTree = DEVELOPER_DIR; };
		07E92A6213D2619F0088CA81 /* EventifyTests-Info.plist */ = {isa = PBXFileReference; lastKnownFileType = text.plist.xml; path = "EventifyTests-Info.plist"; sourceTree = "<group>"; };
		07E92A6413D2619F0088CA81 /* en */ = {isa = PBXFileReference; lastKnownFileType = text.plist.strings; name = en; path = en.lproj/InfoPlist.strings; sourceTree = "<group>"; };
		07E92A6613D2619F0088CA81 /* EventifyTests.h */ = {isa = PBXFileReference; lastKnownFileType = sourcecode.c.h; path = EventifyTests.h; sourceTree = "<group>"; };
		07E92A6813D2619F0088CA81 /* EventifyTests.m */ = {isa = PBXFileReference; lastKnownFileType = sourcecode.c.objc; path = EventifyTests.m; sourceTree = "<group>"; };
		07E92A7E13D2654A0088CA81 /* EventListViewController.xib */ = {isa = PBXFileReference; fileEncoding = 4; lastKnownFileType = file.xib; path = EventListViewController.xib; sourceTree = "<group>"; };
		07E92A8213D2656E0088CA81 /* EventViewController.h */ = {isa = PBXFileReference; fileEncoding = 4; lastKnownFileType = sourcecode.c.h; path = EventViewController.h; sourceTree = "<group>"; };
		07E92A8313D2656E0088CA81 /* EventViewController.m */ = {isa = PBXFileReference; fileEncoding = 4; lastKnownFileType = sourcecode.c.objc; path = EventViewController.m; sourceTree = "<group>"; };
		07E92A8413D2656E0088CA81 /* EventViewController.xib */ = {isa = PBXFileReference; fileEncoding = 4; lastKnownFileType = file.xib; path = EventViewController.xib; sourceTree = "<group>"; };
		07E92A8713D265AF0088CA81 /* SearchViewController.h */ = {isa = PBXFileReference; fileEncoding = 4; lastKnownFileType = sourcecode.c.h; path = SearchViewController.h; sourceTree = "<group>"; };
		07E92A8813D265AF0088CA81 /* SearchViewController.m */ = {isa = PBXFileReference; fileEncoding = 4; lastKnownFileType = sourcecode.c.objc; path = SearchViewController.m; sourceTree = "<group>"; };
		07E92A8913D265AF0088CA81 /* SearchViewController.xib */ = {isa = PBXFileReference; fileEncoding = 4; lastKnownFileType = file.xib; path = SearchViewController.xib; sourceTree = "<group>"; };
		08AEF4EB13D277EF00656864 /* EventNewViewController.xib */ = {isa = PBXFileReference; fileEncoding = 4; lastKnownFileType = file.xib; path = EventNewViewController.xib; sourceTree = "<group>"; };
		08AEF4EE13D2780000656864 /* EventNewViewController.m */ = {isa = PBXFileReference; fileEncoding = 4; lastKnownFileType = sourcecode.c.objc; path = EventNewViewController.m; sourceTree = "<group>"; };
		08AEF4EF13D2780000656864 /* EventNewViewController.h */ = {isa = PBXFileReference; fileEncoding = 4; lastKnownFileType = sourcecode.objj.h; path = EventNewViewController.h; sourceTree = "<group>"; };
		08AEF4FB13D27B8700656864 /* ASIWebPageRequest.h */ = {isa = PBXFileReference; fileEncoding = 4; lastKnownFileType = sourcecode.objj.h; path = ASIWebPageRequest.h; sourceTree = "<group>"; };
		08AEF4FC13D27B8700656864 /* ASIWebPageRequest.m */ = {isa = PBXFileReference; fileEncoding = 4; lastKnownFileType = sourcecode.c.objc; path = ASIWebPageRequest.m; sourceTree = "<group>"; };
		08AEF4FD13D27B8700656864 /* ASIProgressDelegate.h */ = {isa = PBXFileReference; fileEncoding = 4; lastKnownFileType = sourcecode.objj.h; name = ASIProgressDelegate.h; path = "asi-http-request/Classes/ASIProgressDelegate.h"; sourceTree = SOURCE_ROOT; };
		08AEF4FE13D27B8700656864 /* ASINetworkQueue.m */ = {isa = PBXFileReference; fileEncoding = 4; lastKnownFileType = sourcecode.c.objc; name = ASINetworkQueue.m; path = "asi-http-request/Classes/ASINetworkQueue.m"; sourceTree = SOURCE_ROOT; };
		08AEF4FF13D27B8700656864 /* ASINetworkQueue.h */ = {isa = PBXFileReference; fileEncoding = 4; lastKnownFileType = sourcecode.objj.h; name = ASINetworkQueue.h; path = "asi-http-request/Classes/ASINetworkQueue.h"; sourceTree = SOURCE_ROOT; };
		08AEF50013D27B8700656864 /* ASIInputStream.m */ = {isa = PBXFileReference; fileEncoding = 4; lastKnownFileType = sourcecode.c.objc; name = ASIInputStream.m; path = "asi-http-request/Classes/ASIInputStream.m"; sourceTree = SOURCE_ROOT; };
		08AEF50113D27B8700656864 /* ASIInputStream.h */ = {isa = PBXFileReference; fileEncoding = 4; lastKnownFileType = sourcecode.objj.h; name = ASIInputStream.h; path = "asi-http-request/Classes/ASIInputStream.h"; sourceTree = SOURCE_ROOT; };
		08AEF50213D27B8700656864 /* ASIHTTPRequestDelegate.h */ = {isa = PBXFileReference; fileEncoding = 4; lastKnownFileType = sourcecode.objj.h; name = ASIHTTPRequestDelegate.h; path = "asi-http-request/Classes/ASIHTTPRequestDelegate.h"; sourceTree = SOURCE_ROOT; };
		08AEF50313D27B8700656864 /* ASIHTTPRequestConfig.h */ = {isa = PBXFileReference; fileEncoding = 4; lastKnownFileType = sourcecode.objj.h; name = ASIHTTPRequestConfig.h; path = "asi-http-request/Classes/ASIHTTPRequestConfig.h"; sourceTree = SOURCE_ROOT; };
		08AEF50413D27B8700656864 /* ASIHTTPRequest.m */ = {isa = PBXFileReference; fileEncoding = 4; lastKnownFileType = sourcecode.c.objc; name = ASIHTTPRequest.m; path = "asi-http-request/Classes/ASIHTTPRequest.m"; sourceTree = SOURCE_ROOT; };
		08AEF50513D27B8700656864 /* ASIHTTPRequest.h */ = {isa = PBXFileReference; fileEncoding = 4; lastKnownFileType = sourcecode.objj.h; name = ASIHTTPRequest.h; path = "asi-http-request/Classes/ASIHTTPRequest.h"; sourceTree = SOURCE_ROOT; };
		08AEF50613D27B8700656864 /* ASIFormDataRequest.m */ = {isa = PBXFileReference; fileEncoding = 4; lastKnownFileType = sourcecode.c.objc; name = ASIFormDataRequest.m; path = "asi-http-request/Classes/ASIFormDataRequest.m"; sourceTree = SOURCE_ROOT; };
		08AEF50713D27B8700656864 /* ASIFormDataRequest.h */ = {isa = PBXFileReference; fileEncoding = 4; lastKnownFileType = sourcecode.objj.h; name = ASIFormDataRequest.h; path = "asi-http-request/Classes/ASIFormDataRequest.h"; sourceTree = SOURCE_ROOT; };
		08AEF50813D27B8700656864 /* ASIDownloadCache.m */ = {isa = PBXFileReference; fileEncoding = 4; lastKnownFileType = sourcecode.c.objc; name = ASIDownloadCache.m; path = "asi-http-request/Classes/ASIDownloadCache.m"; sourceTree = SOURCE_ROOT; };
		08AEF50913D27B8700656864 /* ASIDownloadCache.h */ = {isa = PBXFileReference; fileEncoding = 4; lastKnownFileType = sourcecode.objj.h; name = ASIDownloadCache.h; path = "asi-http-request/Classes/ASIDownloadCache.h"; sourceTree = SOURCE_ROOT; };
		08AEF50A13D27B8700656864 /* ASIDataDecompressor.m */ = {isa = PBXFileReference; fileEncoding = 4; lastKnownFileType = sourcecode.c.objc; name = ASIDataDecompressor.m; path = "asi-http-request/Classes/ASIDataDecompressor.m"; sourceTree = SOURCE_ROOT; };
		08AEF50B13D27B8700656864 /* ASIDataDecompressor.h */ = {isa = PBXFileReference; fileEncoding = 4; lastKnownFileType = sourcecode.objj.h; name = ASIDataDecompressor.h; path = "asi-http-request/Classes/ASIDataDecompressor.h"; sourceTree = SOURCE_ROOT; };
		08AEF50C13D27B8700656864 /* ASIDataCompressor.m */ = {isa = PBXFileReference; fileEncoding = 4; lastKnownFileType = sourcecode.c.objc; name = ASIDataCompressor.m; path = "asi-http-request/Classes/ASIDataCompressor.m"; sourceTree = SOURCE_ROOT; };
		08AEF50D13D27B8700656864 /* ASIDataCompressor.h */ = {isa = PBXFileReference; fileEncoding = 4; lastKnownFileType = sourcecode.objj.h; name = ASIDataCompressor.h; path = "asi-http-request/Classes/ASIDataCompressor.h"; sourceTree = SOURCE_ROOT; };
		08AEF50E13D27B8700656864 /* ASICacheDelegate.h */ = {isa = PBXFileReference; fileEncoding = 4; lastKnownFileType = sourcecode.objj.h; name = ASICacheDelegate.h; path = "asi-http-request/Classes/ASICacheDelegate.h"; sourceTree = SOURCE_ROOT; };
		08AEF50F13D27B8700656864 /* ASIAuthenticationDialog.m */ = {isa = PBXFileReference; fileEncoding = 4; lastKnownFileType = sourcecode.c.objc; name = ASIAuthenticationDialog.m; path = "asi-http-request/Classes/ASIAuthenticationDialog.m"; sourceTree = SOURCE_ROOT; };
		08AEF51013D27B8700656864 /* ASIAuthenticationDialog.h */ = {isa = PBXFileReference; fileEncoding = 4; lastKnownFileType = sourcecode.objj.h; name = ASIAuthenticationDialog.h; path = "asi-http-request/Classes/ASIAuthenticationDialog.h"; sourceTree = SOURCE_ROOT; };
		08AEF52913D27BAE00656864 /* Reachability.h */ = {isa = PBXFileReference; fileEncoding = 4; lastKnownFileType = sourcecode.objj.h; path = Reachability.h; sourceTree = "<group>"; };
		08AEF52A13D27BAE00656864 /* Reachability.m */ = {isa = PBXFileReference; fileEncoding = 4; lastKnownFileType = sourcecode.c.objc; path = Reachability.m; sourceTree = "<group>"; };
		08AEF52D13D27BE300656864 /* libxml2.2.7.3.dylib */ = {isa = PBXFileReference; lastKnownFileType = "compiled.mach-o.dylib"; name = libxml2.2.7.3.dylib; path = usr/lib/libxml2.2.7.3.dylib; sourceTree = SDKROOT; };
		08AEF52F13D27BEB00656864 /* libz.1.2.3.dylib */ = {isa = PBXFileReference; lastKnownFileType = "compiled.mach-o.dylib"; name = libz.1.2.3.dylib; path = usr/lib/libz.1.2.3.dylib; sourceTree = SDKROOT; };
		08AEF53113D27C0300656864 /* CFNetwork.framework */ = {isa = PBXFileReference; lastKnownFileType = wrapper.framework; name = CFNetwork.framework; path = System/Library/Frameworks/CFNetwork.framework; sourceTree = SDKROOT; };
		08AEF53313D27C0A00656864 /* SystemConfiguration.framework */ = {isa = PBXFileReference; lastKnownFileType = wrapper.framework; name = SystemConfiguration.framework; path = System/Library/Frameworks/SystemConfiguration.framework; sourceTree = SDKROOT; };
		08AEF53513D27C1200656864 /* MobileCoreServices.framework */ = {isa = PBXFileReference; lastKnownFileType = wrapper.framework; name = MobileCoreServices.framework; path = System/Library/Frameworks/MobileCoreServices.framework; sourceTree = SDKROOT; };
/* End PBXFileReference section */

/* Begin PBXFrameworksBuildPhase section */
		07E92A2B13D2619F0088CA81 /* Frameworks */ = {
			isa = PBXFrameworksBuildPhase;
			buildActionMask = 2147483647;
			files = (
				08AEF53613D27C1300656864 /* MobileCoreServices.framework in Frameworks */,
				08AEF53413D27C0B00656864 /* SystemConfiguration.framework in Frameworks */,
				08AEF53213D27C0300656864 /* CFNetwork.framework in Frameworks */,
				08AEF53013D27BEB00656864 /* libz.1.2.3.dylib in Frameworks */,
				08AEF52E13D27BE300656864 /* libxml2.2.7.3.dylib in Frameworks */,
				07E92A3313D2619F0088CA81 /* UIKit.framework in Frameworks */,
				07E92A3513D2619F0088CA81 /* Foundation.framework in Frameworks */,
				07E92A3713D2619F0088CA81 /* CoreGraphics.framework in Frameworks */,
				07E92A3913D2619F0088CA81 /* CoreData.framework in Frameworks */,
			);
			runOnlyForDeploymentPostprocessing = 0;
		};
		07E92A5313D2619F0088CA81 /* Frameworks */ = {
			isa = PBXFrameworksBuildPhase;
			buildActionMask = 2147483647;
			files = (
				07E92A5913D2619F0088CA81 /* SenTestingKit.framework in Frameworks */,
				07E92A5A13D2619F0088CA81 /* UIKit.framework in Frameworks */,
				07E92A5B13D2619F0088CA81 /* Foundation.framework in Frameworks */,
				07E92A5C13D2619F0088CA81 /* CoreGraphics.framework in Frameworks */,
				07E92A5D13D2619F0088CA81 /* CoreData.framework in Frameworks */,
			);
			runOnlyForDeploymentPostprocessing = 0;
		};
/* End PBXFrameworksBuildPhase section */

/* Begin PBXGroup section */
		07E92A2313D2619E0088CA81 = {
			isa = PBXGroup;
			children = (
				08AEF53513D27C1200656864 /* MobileCoreServices.framework */,
				08AEF53313D27C0A00656864 /* SystemConfiguration.framework */,
				08AEF53113D27C0300656864 /* CFNetwork.framework */,
				08AEF52F13D27BEB00656864 /* libz.1.2.3.dylib */,
				08AEF52D13D27BE300656864 /* libxml2.2.7.3.dylib */,
				07E92A3A13D2619F0088CA81 /* Eventify */,
				07E92AEA13D26CED0088CA81 /* External */,
				07E92A6013D2619F0088CA81 /* EventifyTests */,
				07E92A3113D2619F0088CA81 /* Frameworks */,
				07E92A2F13D2619F0088CA81 /* Products */,
			);
			sourceTree = "<group>";
		};
		07E92A2F13D2619F0088CA81 /* Products */ = {
			isa = PBXGroup;
			children = (
				07E92A2E13D2619F0088CA81 /* Eventify.app */,
				07E92A5713D2619F0088CA81 /* EventifyTests.octest */,
			);
			name = Products;
			sourceTree = "<group>";
		};
		07E92A3113D2619F0088CA81 /* Frameworks */ = {
			isa = PBXGroup;
			children = (
				07E92A3213D2619F0088CA81 /* UIKit.framework */,
				07E92A3413D2619F0088CA81 /* Foundation.framework */,
				07E92A3613D2619F0088CA81 /* CoreGraphics.framework */,
				07E92A3813D2619F0088CA81 /* CoreData.framework */,
				07E92A5813D2619F0088CA81 /* SenTestingKit.framework */,
			);
			name = Frameworks;
			sourceTree = "<group>";
		};
		07E92A3A13D2619F0088CA81 /* Eventify */ = {
			isa = PBXGroup;
			children = (
				07E92A4013D2619F0088CA81 /* main.m */,
				07E92A4213D2619F0088CA81 /* Eventify-Prefix.pch */,
				07E92A7413D261D20088CA81 /* Resources */,
				07E92A7213D261A80088CA81 /* Source */,
			);
			path = Eventify;
			sourceTree = "<group>";
		};
		07E92A6013D2619F0088CA81 /* EventifyTests */ = {
			isa = PBXGroup;
			children = (
				07E92A6613D2619F0088CA81 /* EventifyTests.h */,
				07E92A6813D2619F0088CA81 /* EventifyTests.m */,
				07E92A6113D2619F0088CA81 /* Supporting Files */,
			);
			path = EventifyTests;
			sourceTree = "<group>";
		};
		07E92A6113D2619F0088CA81 /* Supporting Files */ = {
			isa = PBXGroup;
			children = (
				07E92A6213D2619F0088CA81 /* EventifyTests-Info.plist */,
				07E92A6313D2619F0088CA81 /* InfoPlist.strings */,
			);
			name = "Supporting Files";
			sourceTree = "<group>";
		};
		07E92A7213D261A80088CA81 /* Source */ = {
			isa = PBXGroup;
			children = (
				07E92A7713D262540088CA81 /* Model */,
				07E92A7313D261C20088CA81 /* App */,
				07E92A7513D261F40088CA81 /* View Controllers */,
			);
			name = Source;
			sourceTree = "<group>";
		};
		07E92A7313D261C20088CA81 /* App */ = {
			isa = PBXGroup;
			children = (
				07E92A4313D2619F0088CA81 /* EventifyAppDelegate.h */,
				07E92A4413D2619F0088CA81 /* EventifyAppDelegate.m */,
			);
			name = App;
			sourceTree = "<group>";
		};
		07E92A7413D261D20088CA81 /* Resources */ = {
			isa = PBXGroup;
			children = (
				08AEF4EB13D277EF00656864 /* EventNewViewController.xib */,
				07E92A4913D2619F0088CA81 /* MainWindow.xib */,
				07E92A4F13D2619F0088CA81 /* RootViewController.xib */,
				07E92A7E13D2654A0088CA81 /* EventListViewController.xib */,
				07E92A8413D2656E0088CA81 /* EventViewController.xib */,
				07E92A8913D265AF0088CA81 /* SearchViewController.xib */,
				07E92A3C13D2619F0088CA81 /* Eventify-Info.plist */,
				07E92A3D13D2619F0088CA81 /* InfoPlist.strings */,
			);
			name = Resources;
			sourceTree = "<group>";
		};
		07E92A7513D261F40088CA81 /* View Controllers */ = {
			isa = PBXGroup;
			children = (
				08AEF4EE13D2780000656864 /* EventNewViewController.m */,
				08AEF4EF13D2780000656864 /* EventNewViewController.h */,
				07E92A4C13D2619F0088CA81 /* RootViewController.h */,
				07E92A4D13D2619F0088CA81 /* RootViewController.m */,
				07E92A8213D2656E0088CA81 /* EventViewController.h */,
				07E92A8313D2656E0088CA81 /* EventViewController.m */,
				07E92A8713D265AF0088CA81 /* SearchViewController.h */,
				07E92A8813D265AF0088CA81 /* SearchViewController.m */,
			);
			name = "View Controllers";
			sourceTree = "<group>";
		};
		07E92A7713D262540088CA81 /* Model */ = {
			isa = PBXGroup;
			children = (
				07E92A4613D2619F0088CA81 /* Eventify.xcdatamodeld */,
			);
			name = Model;
			sourceTree = "<group>";
		};
		07E92AEA13D26CED0088CA81 /* External */ = {
			isa = PBXGroup;
			children = (
				07E92AED13D26D0F0088CA81 /* json-framework */,
				07E92AEC13D26D010088CA81 /* asi-http-request */,
			);
			name = External;
			path = Eventify;
			sourceTree = "<group>";
		};
		07E92AEC13D26D010088CA81 /* asi-http-request */ = {
			isa = PBXGroup;
			children = (
				08AEF52813D27BAE00656864 /* Reachability */,
				08AEF4FA13D27B8700656864 /* ASIWebPageRequest */,
				08AEF4FD13D27B8700656864 /* ASIProgressDelegate.h */,
				08AEF4FE13D27B8700656864 /* ASINetworkQueue.m */,
				08AEF4FF13D27B8700656864 /* ASINetworkQueue.h */,
				08AEF50013D27B8700656864 /* ASIInputStream.m */,
				08AEF50113D27B8700656864 /* ASIInputStream.h */,
				08AEF50213D27B8700656864 /* ASIHTTPRequestDelegate.h */,
				08AEF50313D27B8700656864 /* ASIHTTPRequestConfig.h */,
				08AEF50413D27B8700656864 /* ASIHTTPRequest.m */,
				08AEF50513D27B8700656864 /* ASIHTTPRequest.h */,
				08AEF50613D27B8700656864 /* ASIFormDataRequest.m */,
				08AEF50713D27B8700656864 /* ASIFormDataRequest.h */,
				08AEF50813D27B8700656864 /* ASIDownloadCache.m */,
				08AEF50913D27B8700656864 /* ASIDownloadCache.h */,
				08AEF50A13D27B8700656864 /* ASIDataDecompressor.m */,
				08AEF50B13D27B8700656864 /* ASIDataDecompressor.h */,
				08AEF50C13D27B8700656864 /* ASIDataCompressor.m */,
				08AEF50D13D27B8700656864 /* ASIDataCompressor.h */,
				08AEF50E13D27B8700656864 /* ASICacheDelegate.h */,
				08AEF50F13D27B8700656864 /* ASIAuthenticationDialog.m */,
				08AEF51013D27B8700656864 /* ASIAuthenticationDialog.h */,
			);
			name = "asi-http-request";
			sourceTree = "<group>";
		};
		07E92AED13D26D0F0088CA81 /* json-framework */ = {
			isa = PBXGroup;
			children = (
			);
			name = "json-framework";
			sourceTree = "<group>";
		};
		08AEF4FA13D27B8700656864 /* ASIWebPageRequest */ = {
			isa = PBXGroup;
			children = (
				08AEF4FB13D27B8700656864 /* ASIWebPageRequest.h */,
				08AEF4FC13D27B8700656864 /* ASIWebPageRequest.m */,
			);
			name = ASIWebPageRequest;
			path = "asi-http-request/Classes/ASIWebPageRequest";
			sourceTree = SOURCE_ROOT;
		};
		08AEF52813D27BAE00656864 /* Reachability */ = {
			isa = PBXGroup;
			children = (
				08AEF52913D27BAE00656864 /* Reachability.h */,
				08AEF52A13D27BAE00656864 /* Reachability.m */,
			);
			name = Reachability;
			path = "asi-http-request/External/Reachability";
			sourceTree = SOURCE_ROOT;
		};
/* End PBXGroup section */

/* Begin PBXNativeTarget section */
		07E92A2D13D2619F0088CA81 /* Eventify */ = {
			isa = PBXNativeTarget;
			buildConfigurationList = 07E92A6C13D2619F0088CA81 /* Build configuration list for PBXNativeTarget "Eventify" */;
			buildPhases = (
				07E92A2A13D2619F0088CA81 /* Sources */,
				07E92A2B13D2619F0088CA81 /* Frameworks */,
				07E92A2C13D2619F0088CA81 /* Resources */,
			);
			buildRules = (
			);
			dependencies = (
			);
			name = Eventify;
			productName = Eventify;
			productReference = 07E92A2E13D2619F0088CA81 /* Eventify.app */;
			productType = "com.apple.product-type.application";
		};
		07E92A5613D2619F0088CA81 /* EventifyTests */ = {
			isa = PBXNativeTarget;
			buildConfigurationList = 07E92A6F13D2619F0088CA81 /* Build configuration list for PBXNativeTarget "EventifyTests" */;
			buildPhases = (
				07E92A5213D2619F0088CA81 /* Sources */,
				07E92A5313D2619F0088CA81 /* Frameworks */,
				07E92A5413D2619F0088CA81 /* Resources */,
				07E92A5513D2619F0088CA81 /* ShellScript */,
			);
			buildRules = (
			);
			dependencies = (
				07E92A5F13D2619F0088CA81 /* PBXTargetDependency */,
			);
			name = EventifyTests;
			productName = EventifyTests;
			productReference = 07E92A5713D2619F0088CA81 /* EventifyTests.octest */;
			productType = "com.apple.product-type.bundle";
		};
/* End PBXNativeTarget section */

/* Begin PBXProject section */
		07E92A2513D2619E0088CA81 /* Project object */ = {
			isa = PBXProject;
			buildConfigurationList = 07E92A2813D2619E0088CA81 /* Build configuration list for PBXProject "Eventify" */;
			compatibilityVersion = "Xcode 3.2";
			developmentRegion = English;
			hasScannedForEncodings = 0;
			knownRegions = (
				en,
			);
			mainGroup = 07E92A2313D2619E0088CA81;
			productRefGroup = 07E92A2F13D2619F0088CA81 /* Products */;
			projectDirPath = "";
			projectRoot = "";
			targets = (
				07E92A2D13D2619F0088CA81 /* Eventify */,
				07E92A5613D2619F0088CA81 /* EventifyTests */,
			);
		};
/* End PBXProject section */

/* Begin PBXResourcesBuildPhase section */
		07E92A2C13D2619F0088CA81 /* Resources */ = {
			isa = PBXResourcesBuildPhase;
			buildActionMask = 2147483647;
			files = (
				07E92A3F13D2619F0088CA81 /* InfoPlist.strings in Resources */,
				07E92A4B13D2619F0088CA81 /* MainWindow.xib in Resources */,
				07E92A5113D2619F0088CA81 /* RootViewController.xib in Resources */,
				07E92A8013D2654A0088CA81 /* EventListViewController.xib in Resources */,
				07E92A8613D2656E0088CA81 /* EventViewController.xib in Resources */,
				07E92A8B13D265AF0088CA81 /* SearchViewController.xib in Resources */,
				08AEF4EC13D277EF00656864 /* EventNewViewController.xib in Resources */,
			);
			runOnlyForDeploymentPostprocessing = 0;
		};
		07E92A5413D2619F0088CA81 /* Resources */ = {
			isa = PBXResourcesBuildPhase;
			buildActionMask = 2147483647;
			files = (
				07E92A6513D2619F0088CA81 /* InfoPlist.strings in Resources */,
				07E92A6713D2619F0088CA81 /* EventifyTests.h in Resources */,
			);
			runOnlyForDeploymentPostprocessing = 0;
		};
/* End PBXResourcesBuildPhase section */

/* Begin PBXShellScriptBuildPhase section */
		07E92A5513D2619F0088CA81 /* ShellScript */ = {
			isa = PBXShellScriptBuildPhase;
			buildActionMask = 2147483647;
			files = (
			);
			inputPaths = (
			);
			outputPaths = (
			);
			runOnlyForDeploymentPostprocessing = 0;
			shellPath = /bin/sh;
			shellScript = "# Run the unit tests in this test bundle.\n\"${SYSTEM_DEVELOPER_DIR}/Tools/RunUnitTests\"\n";
		};
/* End PBXShellScriptBuildPhase section */

/* Begin PBXSourcesBuildPhase section */
		07E92A2A13D2619F0088CA81 /* Sources */ = {
			isa = PBXSourcesBuildPhase;
			buildActionMask = 2147483647;
			files = (
				07E92A4113D2619F0088CA81 /* main.m in Sources */,
				07E92A4513D2619F0088CA81 /* EventifyAppDelegate.m in Sources */,
				07E92A4813D2619F0088CA81 /* Eventify.xcdatamodeld in Sources */,
				07E92A4E13D2619F0088CA81 /* RootViewController.m in Sources */,
				07E92A8513D2656E0088CA81 /* EventViewController.m in Sources */,
				07E92A8A13D265AF0088CA81 /* SearchViewController.m in Sources */,
				08AEF4F013D2780000656864 /* EventNewViewController.m in Sources */,
				08AEF4F113D2780000656864 /* EventNewViewController.h in Sources */,
				08AEF51113D27B8700656864 /* ASIWebPageRequest.h in Sources */,
				08AEF51213D27B8700656864 /* ASIWebPageRequest.m in Sources */,
				08AEF51313D27B8700656864 /* ASIProgressDelegate.h in Sources */,
				08AEF51413D27B8700656864 /* ASINetworkQueue.m in Sources */,
				08AEF51513D27B8700656864 /* ASINetworkQueue.h in Sources */,
				08AEF51613D27B8700656864 /* ASIInputStream.m in Sources */,
				08AEF51713D27B8700656864 /* ASIInputStream.h in Sources */,
				08AEF51813D27B8700656864 /* ASIHTTPRequestDelegate.h in Sources */,
				08AEF51913D27B8700656864 /* ASIHTTPRequestConfig.h in Sources */,
				08AEF51A13D27B8700656864 /* ASIHTTPRequest.m in Sources */,
				08AEF51B13D27B8700656864 /* ASIHTTPRequest.h in Sources */,
				08AEF51C13D27B8700656864 /* ASIFormDataRequest.m in Sources */,
				08AEF51D13D27B8700656864 /* ASIFormDataRequest.h in Sources */,
				08AEF51E13D27B8700656864 /* ASIDownloadCache.m in Sources */,
				08AEF51F13D27B8700656864 /* ASIDownloadCache.h in Sources */,
				08AEF52013D27B8700656864 /* ASIDataDecompressor.m in Sources */,
				08AEF52113D27B8700656864 /* ASIDataDecompressor.h in Sources */,
				08AEF52213D27B8700656864 /* ASIDataCompressor.m in Sources */,
				08AEF52313D27B8700656864 /* ASIDataCompressor.h in Sources */,
				08AEF52413D27B8700656864 /* ASICacheDelegate.h in Sources */,
				08AEF52513D27B8700656864 /* ASIAuthenticationDialog.m in Sources */,
				08AEF52613D27B8700656864 /* ASIAuthenticationDialog.h in Sources */,
				08AEF52B13D27BAE00656864 /* Reachability.h in Sources */,
				08AEF52C13D27BAE00656864 /* Reachability.m in Sources */,
			);
			runOnlyForDeploymentPostprocessing = 0;
		};
		07E92A5213D2619F0088CA81 /* Sources */ = {
			isa = PBXSourcesBuildPhase;
			buildActionMask = 2147483647;
			files = (
				07E92A6913D2619F0088CA81 /* EventifyTests.m in Sources */,
			);
			runOnlyForDeploymentPostprocessing = 0;
		};
/* End PBXSourcesBuildPhase section */

/* Begin PBXTargetDependency section */
		07E92A5F13D2619F0088CA81 /* PBXTargetDependency */ = {
			isa = PBXTargetDependency;
			target = 07E92A2D13D2619F0088CA81 /* Eventify */;
			targetProxy = 07E92A5E13D2619F0088CA81 /* PBXContainerItemProxy */;
		};
/* End PBXTargetDependency section */

/* Begin PBXVariantGroup section */
		07E92A3D13D2619F0088CA81 /* InfoPlist.strings */ = {
			isa = PBXVariantGroup;
			children = (
				07E92A3E13D2619F0088CA81 /* en */,
			);
			name = InfoPlist.strings;
			sourceTree = "<group>";
		};
		07E92A4913D2619F0088CA81 /* MainWindow.xib */ = {
			isa = PBXVariantGroup;
			children = (
				07E92A4A13D2619F0088CA81 /* en */,
			);
			name = MainWindow.xib;
			sourceTree = "<group>";
		};
		07E92A4F13D2619F0088CA81 /* RootViewController.xib */ = {
			isa = PBXVariantGroup;
			children = (
				07E92A5013D2619F0088CA81 /* en */,
			);
			name = RootViewController.xib;
			sourceTree = "<group>";
		};
		07E92A6313D2619F0088CA81 /* InfoPlist.strings */ = {
			isa = PBXVariantGroup;
			children = (
				07E92A6413D2619F0088CA81 /* en */,
			);
			name = InfoPlist.strings;
			sourceTree = "<group>";
		};
/* End PBXVariantGroup section */

/* Begin XCBuildConfiguration section */
		07E92A6A13D2619F0088CA81 /* Debug */ = {
			isa = XCBuildConfiguration;
			buildSettings = {
				ALWAYS_SEARCH_USER_PATHS = NO;
				ARCHS = "$(ARCHS_STANDARD_32_BIT)";
				"CODE_SIGN_IDENTITY[sdk=iphoneos*]" = "iPhone Developer";
				COPY_PHASE_STRIP = NO;
				GCC_C_LANGUAGE_STANDARD = gnu99;
				GCC_DYNAMIC_NO_PIC = NO;
				GCC_OPTIMIZATION_LEVEL = 0;
				GCC_PREPROCESSOR_DEFINITIONS = (
					"DEBUG=1",
					"$(inherited)",
				);
				GCC_SYMBOLS_PRIVATE_EXTERN = NO;
				GCC_VERSION = com.apple.compilers.llvmgcc42;
				GCC_WARN_ABOUT_MISSING_PROTOTYPES = YES;
				GCC_WARN_ABOUT_RETURN_TYPE = YES;
				GCC_WARN_UNUSED_VARIABLE = YES;
				IPHONEOS_DEPLOYMENT_TARGET = 4.3;
				SDKROOT = iphoneos;
			};
			name = Debug;
		};
		07E92A6B13D2619F0088CA81 /* Release */ = {
			isa = XCBuildConfiguration;
			buildSettings = {
				ALWAYS_SEARCH_USER_PATHS = NO;
				ARCHS = "$(ARCHS_STANDARD_32_BIT)";
				"CODE_SIGN_IDENTITY[sdk=iphoneos*]" = "iPhone Developer";
				COPY_PHASE_STRIP = YES;
				GCC_C_LANGUAGE_STANDARD = gnu99;
				GCC_VERSION = com.apple.compilers.llvmgcc42;
				GCC_WARN_ABOUT_MISSING_PROTOTYPES = YES;
				GCC_WARN_ABOUT_RETURN_TYPE = YES;
				GCC_WARN_UNUSED_VARIABLE = YES;
				IPHONEOS_DEPLOYMENT_TARGET = 4.3;
				OTHER_CFLAGS = "-DNS_BLOCK_ASSERTIONS=1";
				SDKROOT = iphoneos;
				VALIDATE_PRODUCT = YES;
			};
			name = Release;
		};
		07E92A6D13D2619F0088CA81 /* Debug */ = {
			isa = XCBuildConfiguration;
			buildSettings = {
				GCC_PRECOMPILE_PREFIX_HEADER = YES;
				GCC_PREFIX_HEADER = "Eventify/Eventify-Prefix.pch";
				HEADER_SEARCH_PATHS = "${SDK_DIR}/usr/include/libxml2";
				INFOPLIST_FILE = "Eventify/Eventify-Info.plist";
				PRODUCT_NAME = "$(TARGET_NAME)";
				WRAPPER_EXTENSION = app;
			};
			name = Debug;
		};
		07E92A6E13D2619F0088CA81 /* Release */ = {
			isa = XCBuildConfiguration;
			buildSettings = {
				GCC_PRECOMPILE_PREFIX_HEADER = YES;
				GCC_PREFIX_HEADER = "Eventify/Eventify-Prefix.pch";
				HEADER_SEARCH_PATHS = "${SDK_DIR}/usr/include/libxml2";
				INFOPLIST_FILE = "Eventify/Eventify-Info.plist";
				PRODUCT_NAME = "$(TARGET_NAME)";
				WRAPPER_EXTENSION = app;
			};
			name = Release;
		};
		07E92A7013D2619F0088CA81 /* Debug */ = {
			isa = XCBuildConfiguration;
			buildSettings = {
				BUNDLE_LOADER = "$(BUILT_PRODUCTS_DIR)/Eventify.app/Eventify";
				FRAMEWORK_SEARCH_PATHS = (
					"$(SDKROOT)/Developer/Library/Frameworks",
					"$(DEVELOPER_LIBRARY_DIR)/Frameworks",
				);
				GCC_PRECOMPILE_PREFIX_HEADER = YES;
				GCC_PREFIX_HEADER = "Eventify/Eventify-Prefix.pch";
				INFOPLIST_FILE = "EventifyTests/EventifyTests-Info.plist";
				PRODUCT_NAME = "$(TARGET_NAME)";
				TEST_HOST = "$(BUNDLE_LOADER)";
				WRAPPER_EXTENSION = octest;
			};
			name = Debug;
		};
		07E92A7113D2619F0088CA81 /* Release */ = {
			isa = XCBuildConfiguration;
			buildSettings = {
				BUNDLE_LOADER = "$(BUILT_PRODUCTS_DIR)/Eventify.app/Eventify";
				FRAMEWORK_SEARCH_PATHS = (
					"$(SDKROOT)/Developer/Library/Frameworks",
					"$(DEVELOPER_LIBRARY_DIR)/Frameworks",
				);
				GCC_PRECOMPILE_PREFIX_HEADER = YES;
				GCC_PREFIX_HEADER = "Eventify/Eventify-Prefix.pch";
				INFOPLIST_FILE = "EventifyTests/EventifyTests-Info.plist";
				PRODUCT_NAME = "$(TARGET_NAME)";
				TEST_HOST = "$(BUNDLE_LOADER)";
				WRAPPER_EXTENSION = octest;
			};
			name = Release;
		};
/* End XCBuildConfiguration section */

/* Begin XCConfigurationList section */
		07E92A2813D2619E0088CA81 /* Build configuration list for PBXProject "Eventify" */ = {
			isa = XCConfigurationList;
			buildConfigurations = (
				07E92A6A13D2619F0088CA81 /* Debug */,
				07E92A6B13D2619F0088CA81 /* Release */,
			);
			defaultConfigurationIsVisible = 0;
			defaultConfigurationName = Release;
		};
		07E92A6C13D2619F0088CA81 /* Build configuration list for PBXNativeTarget "Eventify" */ = {
			isa = XCConfigurationList;
			buildConfigurations = (
				07E92A6D13D2619F0088CA81 /* Debug */,
				07E92A6E13D2619F0088CA81 /* Release */,
			);
			defaultConfigurationIsVisible = 0;
			defaultConfigurationName = Release;
		};
		07E92A6F13D2619F0088CA81 /* Build configuration list for PBXNativeTarget "EventifyTests" */ = {
			isa = XCConfigurationList;
			buildConfigurations = (
				07E92A7013D2619F0088CA81 /* Debug */,
				07E92A7113D2619F0088CA81 /* Release */,
			);
			defaultConfigurationIsVisible = 0;
			defaultConfigurationName = Release;
		};
/* End XCConfigurationList section */

/* Begin XCVersionGroup section */
		07E92A4613D2619F0088CA81 /* Eventify.xcdatamodeld */ = {
			isa = XCVersionGroup;
			children = (
				07E92A4713D2619F0088CA81 /* Eventify.xcdatamodel */,
			);
			currentVersion = 07E92A4713D2619F0088CA81 /* Eventify.xcdatamodel */;
			path = Eventify.xcdatamodeld;
			sourceTree = "<group>";
			versionGroupType = wrapper.xcdatamodel;
		};
/* End XCVersionGroup section */
	};
	rootObject = 07E92A2513D2619E0088CA81 /* Project object */;
}
